// !$*UTF8*$!
{
	archiveVersion = 1;
	classes = {
	};
	objectVersion = 56;
	objects = {

/* Begin PBXBuildFile section */
		AD3C82EE2C38191F007F2740 /* WebSocketClient.swift in Sources */ = {isa = PBXBuildFile; fileRef = AD3C82ED2C38191F007F2740 /* WebSocketClient.swift */; };
		AD6BB68C2C36CFC100930EBF /* AppDelegate.swift in Sources */ = {isa = PBXBuildFile; fileRef = AD6BB68B2C36CFC100930EBF /* AppDelegate.swift */; };
		AD6BB68E2C36CFC100930EBF /* SceneDelegate.swift in Sources */ = {isa = PBXBuildFile; fileRef = AD6BB68D2C36CFC100930EBF /* SceneDelegate.swift */; };
		AD6BB6902C36CFC100930EBF /* ViewController.swift in Sources */ = {isa = PBXBuildFile; fileRef = AD6BB68F2C36CFC100930EBF /* ViewController.swift */; };
		AD6BB6932C36CFC100930EBF /* Base in Resources */ = {isa = PBXBuildFile; fileRef = AD6BB6922C36CFC100930EBF /* Base */; };
		AD6BB6952C36CFC300930EBF /* Assets.xcassets in Resources */ = {isa = PBXBuildFile; fileRef = AD6BB6942C36CFC300930EBF /* Assets.xcassets */; };
		AD6BB6982C36CFC300930EBF /* Base in Resources */ = {isa = PBXBuildFile; fileRef = AD6BB6972C36CFC300930EBF /* Base */; };
		ADDBFFF92C3BD0F4005D7481 /* SnapKit in Frameworks */ = {isa = PBXBuildFile; productRef = ADDBFFF82C3BD0F4005D7481 /* SnapKit */; };
		ADDBFFFB2C3BD0F4005D7481 /* SnapKit-Dynamic in Frameworks */ = {isa = PBXBuildFile; productRef = ADDBFFFA2C3BD0F4005D7481 /* SnapKit-Dynamic */; };
/* End PBXBuildFile section */

/* Begin PBXFileReference section */
		AD3C82ED2C38191F007F2740 /* WebSocketClient.swift */ = {isa = PBXFileReference; lastKnownFileType = sourcecode.swift; path = WebSocketClient.swift; sourceTree = "<group>"; };
		AD6BB6882C36CFC100930EBF /* WebSocketRND.app */ = {isa = PBXFileReference; explicitFileType = wrapper.application; includeInIndex = 0; path = WebSocketRND.app; sourceTree = BUILT_PRODUCTS_DIR; };
		AD6BB68B2C36CFC100930EBF /* AppDelegate.swift */ = {isa = PBXFileReference; lastKnownFileType = sourcecode.swift; path = AppDelegate.swift; sourceTree = "<group>"; };
		AD6BB68D2C36CFC100930EBF /* SceneDelegate.swift */ = {isa = PBXFileReference; lastKnownFileType = sourcecode.swift; path = SceneDelegate.swift; sourceTree = "<group>"; };
		AD6BB68F2C36CFC100930EBF /* ViewController.swift */ = {isa = PBXFileReference; lastKnownFileType = sourcecode.swift; path = ViewController.swift; sourceTree = "<group>"; };
		AD6BB6922C36CFC100930EBF /* Base */ = {isa = PBXFileReference; lastKnownFileType = file.storyboard; name = Base; path = Base.lproj/Main.storyboard; sourceTree = "<group>"; };
		AD6BB6942C36CFC300930EBF /* Assets.xcassets */ = {isa = PBXFileReference; lastKnownFileType = folder.assetcatalog; path = Assets.xcassets; sourceTree = "<group>"; };
		AD6BB6972C36CFC300930EBF /* Base */ = {isa = PBXFileReference; lastKnownFileType = file.storyboard; name = Base; path = Base.lproj/LaunchScreen.storyboard; sourceTree = "<group>"; };
		AD6BB6992C36CFC300930EBF /* Info.plist */ = {isa = PBXFileReference; lastKnownFileType = text.plist.xml; path = Info.plist; sourceTree = "<group>"; };
/* End PBXFileReference section */

/* Begin PBXFrameworksBuildPhase section */
		AD6BB6852C36CFC100930EBF /* Frameworks */ = {
			isa = PBXFrameworksBuildPhase;
			buildActionMask = 2147483647;
			files = (
				ADDBFFF92C3BD0F4005D7481 /* SnapKit in Frameworks */,
				ADDBFFFB2C3BD0F4005D7481 /* SnapKit-Dynamic in Frameworks */,
			);
			runOnlyForDeploymentPostprocessing = 0;
		};
/* End PBXFrameworksBuildPhase section */

/* Begin PBXGroup section */
		AD3C82E92C3818B6007F2740 /* App */ = {
			isa = PBXGroup;
			children = (
				AD6BB68B2C36CFC100930EBF /* AppDelegate.swift */,
				AD6BB68D2C36CFC100930EBF /* SceneDelegate.swift */,
			);
			path = App;
			sourceTree = "<group>";
		};
		AD3C82EA2C3818BB007F2740 /* Views */ = {
			isa = PBXGroup;
			children = (
				AD6BB6962C36CFC300930EBF /* LaunchScreen.storyboard */,
				AD6BB6912C36CFC100930EBF /* Main.storyboard */,
			);
			path = Views;
			sourceTree = "<group>";
		};
		AD3C82EB2C3818C2007F2740 /* Controllers */ = {
			isa = PBXGroup;
			children = (
				AD6BB68F2C36CFC100930EBF /* ViewController.swift */,
			);
			path = Controllers;
			sourceTree = "<group>";
		};
		AD3C82EC2C3818D9007F2740 /* Managers */ = {
			isa = PBXGroup;
			children = (
				AD3C82ED2C38191F007F2740 /* WebSocketClient.swift */,
			);
			path = Managers;
			sourceTree = "<group>";
		};
		AD6BB67F2C36CFC100930EBF = {
			isa = PBXGroup;
			children = (
				AD6BB68A2C36CFC100930EBF /* WebSocketRND */,
				AD6BB6892C36CFC100930EBF /* Products */,
			);
			sourceTree = "<group>";
		};
		AD6BB6892C36CFC100930EBF /* Products */ = {
			isa = PBXGroup;
			children = (
				AD6BB6882C36CFC100930EBF /* WebSocketRND.app */,
			);
			name = Products;
			sourceTree = "<group>";
		};
		AD6BB68A2C36CFC100930EBF /* WebSocketRND */ = {
			isa = PBXGroup;
			children = (
				AD3C82E92C3818B6007F2740 /* App */,
				AD3C82EB2C3818C2007F2740 /* Controllers */,
				AD3C82EA2C3818BB007F2740 /* Views */,
				AD3C82EC2C3818D9007F2740 /* Managers */,
				ADDBFFF62C3BD04A005D7481 /* Reuseables */,
				AD6BB6942C36CFC300930EBF /* Assets.xcassets */,
				AD6BB6992C36CFC300930EBF /* Info.plist */,
			);
			path = WebSocketRND;
			sourceTree = "<group>";
		};
		ADDBFFF62C3BD04A005D7481 /* Reuseables */ = {
			isa = PBXGroup;
			children = (
			);
			path = Reuseables;
			sourceTree = "<group>";
		};
/* End PBXGroup section */

/* Begin PBXNativeTarget section */
		AD6BB6872C36CFC100930EBF /* WebSocketRND */ = {
			isa = PBXNativeTarget;
			buildConfigurationList = AD6BB69C2C36CFC300930EBF /* Build configuration list for PBXNativeTarget "WebSocketRND" */;
			buildPhases = (
				AD6BB6842C36CFC100930EBF /* Sources */,
				AD6BB6852C36CFC100930EBF /* Frameworks */,
				AD6BB6862C36CFC100930EBF /* Resources */,
			);
			buildRules = (
			);
			dependencies = (
			);
			name = WebSocketRND;
			packageProductDependencies = (
				ADDBFFF82C3BD0F4005D7481 /* SnapKit */,
				ADDBFFFA2C3BD0F4005D7481 /* SnapKit-Dynamic */,
			);
			productName = WebSocketRND;
			productReference = AD6BB6882C36CFC100930EBF /* WebSocketRND.app */;
			productType = "com.apple.product-type.application";
		};
/* End PBXNativeTarget section */

/* Begin PBXProject section */
		AD6BB6802C36CFC100930EBF /* Project object */ = {
			isa = PBXProject;
			attributes = {
				BuildIndependentTargetsInParallel = 1;
				LastSwiftUpdateCheck = 1540;
				LastUpgradeCheck = 1540;
				TargetAttributes = {
					AD6BB6872C36CFC100930EBF = {
						CreatedOnToolsVersion = 15.4;
					};
				};
			};
			buildConfigurationList = AD6BB6832C36CFC100930EBF /* Build configuration list for PBXProject "WebSocketRND" */;
			compatibilityVersion = "Xcode 14.0";
			developmentRegion = en;
			hasScannedForEncodings = 0;
			knownRegions = (
				en,
				Base,
			);
			mainGroup = AD6BB67F2C36CFC100930EBF;
			packageReferences = (
				ADDBFFF72C3BD0F4005D7481 /* XCRemoteSwiftPackageReference "SnapKit" */,
			);
			productRefGroup = AD6BB6892C36CFC100930EBF /* Products */;
			projectDirPath = "";
			projectRoot = "";
			targets = (
				AD6BB6872C36CFC100930EBF /* WebSocketRND */,
			);
		};
/* End PBXProject section */

/* Begin PBXResourcesBuildPhase section */
		AD6BB6862C36CFC100930EBF /* Resources */ = {
			isa = PBXResourcesBuildPhase;
			buildActionMask = 2147483647;
			files = (
				AD6BB6952C36CFC300930EBF /* Assets.xcassets in Resources */,
				AD6BB6982C36CFC300930EBF /* Base in Resources */,
				AD6BB6932C36CFC100930EBF /* Base in Resources */,
			);
			runOnlyForDeploymentPostprocessing = 0;
		};
/* End PBXResourcesBuildPhase section */

/* Begin PBXSourcesBuildPhase section */
		AD6BB6842C36CFC100930EBF /* Sources */ = {
			isa = PBXSourcesBuildPhase;
			buildActionMask = 2147483647;
			files = (
				AD6BB6902C36CFC100930EBF /* ViewController.swift in Sources */,
				AD6BB68C2C36CFC100930EBF /* AppDelegate.swift in Sources */,
				AD3C82EE2C38191F007F2740 /* WebSocketClient.swift in Sources */,
				AD6BB68E2C36CFC100930EBF /* SceneDelegate.swift in Sources */,
			);
			runOnlyForDeploymentPostprocessing = 0;
		};
/* End PBXSourcesBuildPhase section */

/* Begin PBXVariantGroup section */
		AD6BB6912C36CFC100930EBF /* Main.storyboard */ = {
			isa = PBXVariantGroup;
			children = (
				AD6BB6922C36CFC100930EBF /* Base */,
			);
			name = Main.storyboard;
			sourceTree = "<group>";
		};
		AD6BB6962C36CFC300930EBF /* LaunchScreen.storyboard */ = {
			isa = PBXVariantGroup;
			children = (
				AD6BB6972C36CFC300930EBF /* Base */,
			);
			name = LaunchScreen.storyboard;
			sourceTree = "<group>";
		};
/* End PBXVariantGroup section */

/* Begin XCBuildConfiguration section */
		AD6BB69A2C36CFC300930EBF /* Debug */ = {
			isa = XCBuildConfiguration;
			buildSettings = {
				ALWAYS_SEARCH_USER_PATHS = NO;
				ASSETCATALOG_COMPILER_GENERATE_SWIFT_ASSET_SYMBOL_EXTENSIONS = YES;
				CLANG_ANALYZER_NONNULL = YES;
				CLANG_ANALYZER_NUMBER_OBJECT_CONVERSION = YES_AGGRESSIVE;
				CLANG_CXX_LANGUAGE_STANDARD = "gnu++20";
				CLANG_ENABLE_MODULES = YES;
				CLANG_ENABLE_OBJC_ARC = YES;
				CLANG_ENABLE_OBJC_WEAK = YES;
				CLANG_WARN_BLOCK_CAPTURE_AUTORELEASING = YES;
				CLANG_WARN_BOOL_CONVERSION = YES;
				CLANG_WARN_COMMA = YES;
				CLANG_WARN_CONSTANT_CONVERSION = YES;
				CLANG_WARN_DEPRECATED_OBJC_IMPLEMENTATIONS = YES;
				CLANG_WARN_DIRECT_OBJC_ISA_USAGE = YES_ERROR;
				CLANG_WARN_DOCUMENTATION_COMMENTS = YES;
				CLANG_WARN_EMPTY_BODY = YES;
				CLANG_WARN_ENUM_CONVERSION = YES;
				CLANG_WARN_INFINITE_RECURSION = YES;
				CLANG_WARN_INT_CONVERSION = YES;
				CLANG_WARN_NON_LITERAL_NULL_CONVERSION = YES;
				CLANG_WARN_OBJC_IMPLICIT_RETAIN_SELF = YES;
				CLANG_WARN_OBJC_LITERAL_CONVERSION = YES;
				CLANG_WARN_OBJC_ROOT_CLASS = YES_ERROR;
				CLANG_WARN_QUOTED_INCLUDE_IN_FRAMEWORK_HEADER = YES;
				CLANG_WARN_RANGE_LOOP_ANALYSIS = YES;
				CLANG_WARN_STRICT_PROTOTYPES = YES;
				CLANG_WARN_SUSPICIOUS_MOVE = YES;
				CLANG_WARN_UNGUARDED_AVAILABILITY = YES_AGGRESSIVE;
				CLANG_WARN_UNREACHABLE_CODE = YES;
				CLANG_WARN__DUPLICATE_METHOD_MATCH = YES;
				COPY_PHASE_STRIP = NO;
				DEBUG_INFORMATION_FORMAT = dwarf;
				ENABLE_STRICT_OBJC_MSGSEND = YES;
				ENABLE_TESTABILITY = YES;
				ENABLE_USER_SCRIPT_SANDBOXING = YES;
				GCC_C_LANGUAGE_STANDARD = gnu17;
				GCC_DYNAMIC_NO_PIC = NO;
				GCC_NO_COMMON_BLOCKS = YES;
				GCC_OPTIMIZATION_LEVEL = 0;
				GCC_PREPROCESSOR_DEFINITIONS = (
					"DEBUG=1",
					"$(inherited)",
				);
				GCC_WARN_64_TO_32_BIT_CONVERSION = YES;
				GCC_WARN_ABOUT_RETURN_TYPE = YES_ERROR;
				GCC_WARN_UNDECLARED_SELECTOR = YES;
				GCC_WARN_UNINITIALIZED_AUTOS = YES_AGGRESSIVE;
				GCC_WARN_UNUSED_FUNCTION = YES;
				GCC_WARN_UNUSED_VARIABLE = YES;
				IPHONEOS_DEPLOYMENT_TARGET = 17.5;
				LOCALIZATION_PREFERS_STRING_CATALOGS = YES;
				MTL_ENABLE_DEBUG_INFO = INCLUDE_SOURCE;
				MTL_FAST_MATH = YES;
				ONLY_ACTIVE_ARCH = YES;
				SDKROOT = iphoneos;
				SWIFT_ACTIVE_COMPILATION_CONDITIONS = "DEBUG $(inherited)";
				SWIFT_OPTIMIZATION_LEVEL = "-Onone";
			};
			name = Debug;
		};
		AD6BB69B2C36CFC300930EBF /* Release */ = {
			isa = XCBuildConfiguration;
			buildSettings = {
				ALWAYS_SEARCH_USER_PATHS = NO;
				ASSETCATALOG_COMPILER_GENERATE_SWIFT_ASSET_SYMBOL_EXTENSIONS = YES;
				CLANG_ANALYZER_NONNULL = YES;
				CLANG_ANALYZER_NUMBER_OBJECT_CONVERSION = YES_AGGRESSIVE;
				CLANG_CXX_LANGUAGE_STANDARD = "gnu++20";
				CLANG_ENABLE_MODULES = YES;
				CLANG_ENABLE_OBJC_ARC = YES;
				CLANG_ENABLE_OBJC_WEAK = YES;
				CLANG_WARN_BLOCK_CAPTURE_AUTORELEASING = YES;
				CLANG_WARN_BOOL_CONVERSION = YES;
				CLANG_WARN_COMMA = YES;
				CLANG_WARN_CONSTANT_CONVERSION = YES;
				CLANG_WARN_DEPRECATED_OBJC_IMPLEMENTATIONS = YES;
				CLANG_WARN_DIRECT_OBJC_ISA_USAGE = YES_ERROR;
				CLANG_WARN_DOCUMENTATION_COMMENTS = YES;
				CLANG_WARN_EMPTY_BODY = YES;
				CLANG_WARN_ENUM_CONVERSION = YES;
				CLANG_WARN_INFINITE_RECURSION = YES;
				CLANG_WARN_INT_CONVERSION = YES;
				CLANG_WARN_NON_LITERAL_NULL_CONVERSION = YES;
				CLANG_WARN_OBJC_IMPLICIT_RETAIN_SELF = YES;
				CLANG_WARN_OBJC_LITERAL_CONVERSION = YES;
				CLANG_WARN_OBJC_ROOT_CLASS = YES_ERROR;
				CLANG_WARN_QUOTED_INCLUDE_IN_FRAMEWORK_HEADER = YES;
				CLANG_WARN_RANGE_LOOP_ANALYSIS = YES;
				CLANG_WARN_STRICT_PROTOTYPES = YES;
				CLANG_WARN_SUSPICIOUS_MOVE = YES;
				CLANG_WARN_UNGUARDED_AVAILABILITY = YES_AGGRESSIVE;
				CLANG_WARN_UNREACHABLE_CODE = YES;
				CLANG_WARN__DUPLICATE_METHOD_MATCH = YES;
				COPY_PHASE_STRIP = NO;
				DEBUG_INFORMATION_FORMAT = "dwarf-with-dsym";
				ENABLE_NS_ASSERTIONS = NO;
				ENABLE_STRICT_OBJC_MSGSEND = YES;
				ENABLE_USER_SCRIPT_SANDBOXING = YES;
				GCC_C_LANGUAGE_STANDARD = gnu17;
				GCC_NO_COMMON_BLOCKS = YES;
				GCC_WARN_64_TO_32_BIT_CONVERSION = YES;
				GCC_WARN_ABOUT_RETURN_TYPE = YES_ERROR;
				GCC_WARN_UNDECLARED_SELECTOR = YES;
				GCC_WARN_UNINITIALIZED_AUTOS = YES_AGGRESSIVE;
				GCC_WARN_UNUSED_FUNCTION = YES;
				GCC_WARN_UNUSED_VARIABLE = YES;
				IPHONEOS_DEPLOYMENT_TARGET = 17.5;
				LOCALIZATION_PREFERS_STRING_CATALOGS = YES;
				MTL_ENABLE_DEBUG_INFO = NO;
				MTL_FAST_MATH = YES;
				SDKROOT = iphoneos;
				SWIFT_COMPILATION_MODE = wholemodule;
				VALIDATE_PRODUCT = YES;
			};
			name = Release;
		};
		AD6BB69D2C36CFC300930EBF /* Debug */ = {
			isa = XCBuildConfiguration;
			buildSettings = {
				ASSETCATALOG_COMPILER_APPICON_NAME = AppIcon;
				ASSETCATALOG_COMPILER_GLOBAL_ACCENT_COLOR_NAME = AccentColor;
				CODE_SIGN_STYLE = Automatic;
				CURRENT_PROJECT_VERSION = 1;
				DEVELOPMENT_TEAM = 87MV5ZDVCZ;
				GENERATE_INFOPLIST_FILE = YES;
				INFOPLIST_FILE = WebSocketRND/Info.plist;
				INFOPLIST_KEY_UIApplicationSupportsIndirectInputEvents = YES;
				INFOPLIST_KEY_UILaunchStoryboardName = LaunchScreen;
				INFOPLIST_KEY_UIMainStoryboardFile = Main;
				INFOPLIST_KEY_UISupportedInterfaceOrientations_iPad = "UIInterfaceOrientationPortrait UIInterfaceOrientationPortraitUpsideDown UIInterfaceOrientationLandscapeLeft UIInterfaceOrientationLandscapeRight";
				INFOPLIST_KEY_UISupportedInterfaceOrientations_iPhone = "UIInterfaceOrientationPortrait UIInterfaceOrientationLandscapeLeft UIInterfaceOrientationLandscapeRight";
				IPHONEOS_DEPLOYMENT_TARGET = 16.4;
				LD_RUNPATH_SEARCH_PATHS = (
					"$(inherited)",
					"@executable_path/Frameworks",
				);
				MARKETING_VERSION = 1.0;
				PRODUCT_BUNDLE_IDENTIFIER = com.muhammadasad.WebSocketRND;
				PRODUCT_NAME = "$(TARGET_NAME)";
				SWIFT_EMIT_LOC_STRINGS = YES;
				SWIFT_VERSION = 5.0;
				TARGETED_DEVICE_FAMILY = "1,2";
			};
			name = Debug;
		};
		AD6BB69E2C36CFC300930EBF /* Release */ = {
			isa = XCBuildConfiguration;
			buildSettings = {
				ASSETCATALOG_COMPILER_APPICON_NAME = AppIcon;
				ASSETCATALOG_COMPILER_GLOBAL_ACCENT_COLOR_NAME = AccentColor;
				CODE_SIGN_STYLE = Automatic;
				CURRENT_PROJECT_VERSION = 1;
				DEVELOPMENT_TEAM = 87MV5ZDVCZ;
				GENERATE_INFOPLIST_FILE = YES;
				INFOPLIST_FILE = WebSocketRND/Info.plist;
				INFOPLIST_KEY_UIApplicationSupportsIndirectInputEvents = YES;
				INFOPLIST_KEY_UILaunchStoryboardName = LaunchScreen;
				INFOPLIST_KEY_UIMainStoryboardFile = Main;
				INFOPLIST_KEY_UISupportedInterfaceOrientations_iPad = "UIInterfaceOrientationPortrait UIInterfaceOrientationPortraitUpsideDown UIInterfaceOrientationLandscapeLeft UIInterfaceOrientationLandscapeRight";
				INFOPLIST_KEY_UISupportedInterfaceOrientations_iPhone = "UIInterfaceOrientationPortrait UIInterfaceOrientationLandscapeLeft UIInterfaceOrientationLandscapeRight";
				IPHONEOS_DEPLOYMENT_TARGET = 16.4;
				LD_RUNPATH_SEARCH_PATHS = (
					"$(inherited)",
					"@executable_path/Frameworks",
				);
				MARKETING_VERSION = 1.0;
				PRODUCT_BUNDLE_IDENTIFIER = com.muhammadasad.WebSocketRND;
				PRODUCT_NAME = "$(TARGET_NAME)";
				SWIFT_EMIT_LOC_STRINGS = YES;
				SWIFT_VERSION = 5.0;
				TARGETED_DEVICE_FAMILY = "1,2";
			};
			name = Release;
		};
/* End XCBuildConfiguration section */

/* Begin XCConfigurationList section */
		AD6BB6832C36CFC100930EBF /* Build configuration list for PBXProject "WebSocketRND" */ = {
			isa = XCConfigurationList;
			buildConfigurations = (
				AD6BB69A2C36CFC300930EBF /* Debug */,
				AD6BB69B2C36CFC300930EBF /* Release */,
			);
			defaultConfigurationIsVisible = 0;
			defaultConfigurationName = Release;
		};
		AD6BB69C2C36CFC300930EBF /* Build configuration list for PBXNativeTarget "WebSocketRND" */ = {
			isa = XCConfigurationList;
			buildConfigurations = (
				AD6BB69D2C36CFC300930EBF /* Debug */,
				AD6BB69E2C36CFC300930EBF /* Release */,
			);
			defaultConfigurationIsVisible = 0;
			defaultConfigurationName = Release;
		};
/* End XCConfigurationList section */

/* Begin XCRemoteSwiftPackageReference section */
		ADDBFFF72C3BD0F4005D7481 /* XCRemoteSwiftPackageReference "SnapKit" */ = {
			isa = XCRemoteSwiftPackageReference;
			repositoryURL = "https://github.com/SnapKit/SnapKit.git";
			requirement = {
				kind = upToNextMajorVersion;
				minimumVersion = 5.7.1;
			};
		};
/* End XCRemoteSwiftPackageReference section */

/* Begin XCSwiftPackageProductDependency section */
		ADDBFFF82C3BD0F4005D7481 /* SnapKit */ = {
			isa = XCSwiftPackageProductDependency;
			package = ADDBFFF72C3BD0F4005D7481 /* XCRemoteSwiftPackageReference "SnapKit" */;
			productName = SnapKit;
		};
		ADDBFFFA2C3BD0F4005D7481 /* SnapKit-Dynamic */ = {
			isa = XCSwiftPackageProductDependency;
			package = ADDBFFF72C3BD0F4005D7481 /* XCRemoteSwiftPackageReference "SnapKit" */;
			productName = "SnapKit-Dynamic";
		};
/* End XCSwiftPackageProductDependency section */
	};
	rootObject = AD6BB6802C36CFC100930EBF /* Project object */;
}
